{
  "name": "brightcv-quality-tools",
  "version": "2.0.0",
  "lockfileVersion": 3,
  "requires": true,
  "packages": {
    "": {
      "name": "brightcv-quality-tools",
      "version": "2.0.0",
      "devDependencies": {
        "@php-wasm/node": "^3.1.45",
        "@php-wasm/universal": "^3.1.45",
        "jsdom": "^26.1.0",
        "php-parser": "^3.2.5"
      }
    },
    "node_modules/@asamuzakjp/css-color": {
      "version": "3.2.0",
      "resolved": "https://registry.npmjs.org/@asamuzakjp/css-color/-/css-color-3.2.0.tgz",
      "integrity": "sha512-K1A6z8tS3XsmCMM86xoWdn7Fkdn9m6RSVtocUrJYIwZnFVkng/PvkEoWtOWmP+Scc6saYWHWZYbndEEXxl24jw==",
      "dev": true,
      "license": "MIT",
      "dependencies": {
        "@csstools/css-calc": "^2.1.3",
        "@csstools/css-color-parser": "^3.0.9",
        "@csstools/css-parser-algorithms": "^3.0.4",
        "@csstools/css-tokenizer": "^3.0.3",
        "lru-cache": "^10.4.3"
      }
    },
    "node_modules/@csstools/color-helpers": {
      "version": "5.1.0",
      "resolved": "https://registry.npmjs.org/@csstools/color-helpers/-/color-helpers-5.1.0.tgz",
      "integrity": "sha512-S11EXWJyy0Mz5SYvRmY8nJYTFFd1LCNV+7cXyAgQtOOuzb4EsgfqDufL+9esx72/eLhsRdGZwaldu/h+E4t4BA==",
      "dev": true,
      "funding": [
        {
          "type": "github",
          "url": "https://github.com/sponsors/csstools"
        },
        {
          "type": "opencollective",
          "url": "https://opencollective.com/csstools"
        }
      ],
      "license": "MIT-0",
      "engines": {
        "node": ">=18"
      }
    },
    "node_modules/@csstools/css-calc": {
      "version": "2.1.4",
      "resolved": "https://registry.npmjs.org/@csstools/css-calc/-/css-calc-2.1.4.tgz",
      "integrity": "sha512-3N8oaj+0juUw/1H3YwmDDJXCgTB1gKU6Hc/bB502u9zR0q2vd786XJH9QfrKIEgFlZmhZiq6epXl4rHqhzsIgQ==",
      "dev": true,
      "funding": [
        {
          "type": "github",
          "url": "https://github.com/sponsors/csstools"
        },
        {
          "type": "opencollective",
          "url": "https://opencollective.com/csstools"
        }
      ],
      "license": "MIT",
      "engines": {
        "node": ">=18"
      },
      "peerDependencies": {
        "@csstools/css-parser-algorithms": "^3.0.5",
        "@csstools/css-tokenizer": "^3.0.4"
      }
    },
    "node_modules/@csstools/css-color-parser": {
      "version": "3.1.0",
      "resolved": "https://registry.npmjs.org/@csstools/css-color-parser/-/css-color-parser-3.1.0.tgz",
      "integrity": "sha512-nbtKwh3a6xNVIp/VRuXV64yTKnb1IjTAEEh3irzS+HkKjAOYLTGNb9pmVNntZ8iVBHcWDA2Dof0QtPgFI1BaTA==",
      "dev": true,
      "funding": [
        {
          "type": "github",
          "url": "https://github.com/sponsors/csstools"
        },
        {
          "type": "opencollective",
          "url": "https://opencollective.com/csstools"
        }
      ],
      "license": "MIT",
      "dependencies": {
        "@csstools/color-helpers": "^5.1.0",
        "@csstools/css-calc": "^2.1.4"
      },
      "engines": {
        "node": ">=18"
      },
      "peerDependencies": {
        "@csstools/css-parser-algorithms": "^3.0.5",
        "@csstools/css-tokenizer": "^3.0.4"
      }
    },
    "node_modules/@csstools/css-parser-algorithms": {
      "version": "3.0.5",
      "resolved": "https://registry.npmjs.org/@csstools/css-parser-algorithms/-/css-parser-algorithms-3.0.5.tgz",
      "integrity": "sha512-DaDeUkXZKjdGhgYaHNJTV9pV7Y9B3b644jCLs9Upc3VeNGg6LWARAT6O+Q+/COo+2gg/bM5rhpMAtf70WqfBdQ==",
      "dev": true,
      "funding": [
        {
          "type": "github",
          "url": "https://github.com/sponsors/csstools"
        },
        {
          "type": "opencollective",
          "url": "https://opencollective.com/csstools"
        }
      ],
      "license": "MIT",
      "engines": {
        "node": ">=18"
      },
      "peerDependencies": {
        "@csstools/css-tokenizer": "^3.0.4"
      }
    },
    "node_modules/@csstools/css-tokenizer": {
      "version": "3.0.4",
      "resolved": "https://registry.npmjs.org/@csstools/css-tokenizer/-/css-tokenizer-3.0.4.tgz",
      "integrity": "sha512-Vd/9EVDiu6PPJt9yAh6roZP6El1xHrdvIVGjyBsHR0RYwNHgL7FJPyIIW4fANJNG6FtyZfvlRPpFI4ZM/lubvw==",
      "dev": true,
      "funding": [
        {
          "type": "github",
          "url": "https://github.com/sponsors/csstools"
        },
        {
          "type": "opencollective",
          "url": "https://opencollective.com/csstools"
        }
      ],
      "license": "MIT",
      "engines": {
        "node": ">=18"
      }
    },
    "node_modules/@nodable/entities": {
      "version": "3.0.0",
      "resolved": "https://registry.npmjs.org/@nodable/entities/-/entities-3.0.0.tgz",
      "integrity": "sha512-8L9xFeTYKhm49xfIypoe2W5wV1m/3Z58kT+7kR9A8OyFxcPduI4VmxaUMQyKYrRjUoLLSXv6EKKID5Tvj9cUVw==",
      "dev": true,
      "funding": [
        {
          "type": "github",
          "url": "https://github.com/sponsors/nodable"
        }
      ],
      "license": "MIT"
    },
    "node_modules/@php-wasm/cli-util": {
      "version": "3.1.45",
      "resolved": "https://registry.npmjs.org/@php-wasm/cli-util/-/cli-util-3.1.45.tgz",
      "integrity": "sha512-+ht22B6KPUsn5ORtApE5xYq+uIb7/Qv/NSOxYgNGSWf3O1rpxkbOMeCxtE7H3dvazJIlSF+/nsVHpHkcTZGOpA==",
      "dev": true,
      "license": "GPL-2.0-or-later",
      "dependencies": {
        "@php-wasm/util": "3.1.45",
        "fast-xml-parser": "^5.8.0",
        "jsonc-parser": "3.3.1"
      },
      "engines": {
        "node": ">=20.10.0",
        "npm": ">=10.2.3"
      }
    },
    "node_modules/@php-wasm/logger": {
      "version": "3.1.45",
      "resolved": "https://registry.npmjs.org/@php-wasm/logger/-/logger-3.1.45.tgz",
      "integrity": "sha512-FYWGxaRZTM+aiRQ6/LlnFAdsixJ7VWQpM8Fe/61yWgpBamb1w3NEDRhYVR5DNjYWJVI5ha6pVxIsHtw018iA7g==",
      "dev": true,
      "license": "GPL-2.0-or-later",
      "engines": {
        "node": ">=20.10.0",
        "npm": ">=10.2.3"
      }
    },
    "node_modules/@php-wasm/node": {
      "version": "3.1.45",
      "resolved": "https://registry.npmjs.org/@php-wasm/node/-/node-3.1.45.tgz",
      "integrity": "sha512-IFnGdNsQ0g8RwpFzg3gAt8VckFwshQ7g2Izwt+i+wi2Rtnj54DcPZpfMwliiq+c1XU1//jtXHBdczbwR75yW7A==",
      "dev": true,
      "license": "GPL-2.0-or-later",
      "dependencies": {
        "@php-wasm/cli-util": "3.1.45",
        "@php-wasm/logger": "3.1.45",
        "@php-wasm/node-5-2": "3.1.45",
        "@php-wasm/node-7-4": "3.1.45",
        "@php-wasm/node-8-0": "3.1.45",
        "@php-wasm/node-8-1": "3.1.45",
        "@php-wasm/node-8-2": "3.1.45",
        "@php-wasm/node-8-3": "3.1.45",
        "@php-wasm/node-8-4": "3.1.45",
        "@php-wasm/node-8-5": "3.1.45",
        "@php-wasm/universal": "3.1.45",
        "@php-wasm/util": "3.1.45",
        "fs-ext-extra-prebuilt": "2.2.7",
        "wasm-feature-detect": "1.8.0",
        "ws": "8.21.0"
      },
      "engines": {
        "node": ">=20.10.0",
        "npm": ">=10.2.3"
      }
    },
    "node_modules/@php-wasm/node-5-2": {
      "version": "3.1.45",
      "resolved": "https://registry.npmjs.org/@php-wasm/node-5-2/-/node-5-2-3.1.45.tgz",
      "integrity": "sha512-mKYOI8/eWE7Gu9wOOwtcxGrhOfCfGlIqT3Jr1RK0qCsZ/GkiW2/EalsNC5wSWbaL9qdh4JUbXUoF7mE3dc+KRQ==",
      "dev": true,
      "license": "GPL-2.0-or-later",
      "dependencies": {
        "@php-wasm/universal": "3.1.45",
        "wasm-feature-detect": "1.8.0"
      },
      "engines": {
        "node": ">=20.10.0",
        "npm": ">=10.2.3"
      }
    },
    "node_modules/@php-wasm/node-7-4": {
      "version": "3.1.45",
      "resolved": "https://registry.npmjs.org/@php-wasm/node-7-4/-/node-7-4-3.1.45.tgz",
      "integrity": "sha512-3+VgXIL4y4Acb/OyNQAsIfz5I5GYlFmjw4M8l2Xx8TNBrixuOEO5vHmMoTssynZlmjoTLxBBzL2SaRHoubwi6g==",
      "dev": true,
      "license": "GPL-2.0-or-later",
      "dependencies": {
        "@php-wasm/universal": "3.1.45",
        "wasm-feature-detect": "1.8.0"
      },
      "engines": {
        "node": ">=20.10.0",
        "npm": ">=10.2.3"
      }
    },
    "node_modules/@php-wasm/node-8-0": {
      "version": "3.1.45",
      "resolved": "https://registry.npmjs.org/@php-wasm/node-8-0/-/node-8-0-3.1.45.tgz",
      "integrity": "sha512-6yJaW+mxgBWAy80IYRU41bh1LH4WsuDgqEWiHSumJcKOcNljSedUbm+YuLTY+Pnsov7u5yzkaBskslxGXcOlIQ==",
      "dev": true,
      "license": "GPL-2.0-or-later",
      "dependencies": {
        "@php-wasm/universal": "3.1.45",
        "wasm-feature-detect": "1.8.0"
      },
      "engines": {
        "node": ">=20.10.0",
        "npm": ">=10.2.3"
      }
    },
    "node_modules/@php-wasm/node-8-1": {
      "version": "3.1.45",
      "resolved": "https://registry.npmjs.org/@php-wasm/node-8-1/-/node-8-1-3.1.45.tgz",
      "integrity": "sha512-/5haLrmCySu40aDGtVAOukDBNYzCJ0JTXslXs36Rh8P9V2nlctVGO+Kp1m/74yCtdoJrZsRrBnVqKBCliVQjdg==",
      "dev": true,
      "license": "GPL-2.0-or-later",
      "dependencies": {
        "@php-wasm/universal": "3.1.45",
        "wasm-feature-detect": "1.8.0"
      },
      "engines": {
        "node": ">=20.10.0",
        "npm": ">=10.2.3"
      }
    },
    "node_modules/@php-wasm/node-8-2": {
      "version": "3.1.45",
      "resolved": "https://registry.npmjs.org/@php-wasm/node-8-2/-/node-8-2-3.1.45.tgz",
      "integrity": "sha512-fGsSHw6OTnNyjr6k87OqV8SYqRZlDrWYVSXFkOywXUbBvyAYeuttxHffYC4VoRZdRz+Ygu+2k2aPE06jpTTBFw==",
      "dev": true,
      "license": "GPL-2.0-or-later",
      "dependencies": {
        "@php-wasm/universal": "3.1.45",
        "wasm-feature-detect": "1.8.0"
      },
      "engines": {
        "node": ">=20.10.0",
        "npm": ">=10.2.3"
      }
    },
    "node_modules/@php-wasm/node-8-3": {
      "version": "3.1.45",
      "resolved": "https://registry.npmjs.org/@php-wasm/node-8-3/-/node-8-3-3.1.45.tgz",
      "integrity": "sha512-dq22w7k6zxSgRKEjFej2k2etHpWA/f6UZFQCwi0qPFTejlVRfGqJoY+6gwtF4PCCGXGD7J36XyRuSFuZz833MA==",
      "dev": true,
      "license": "GPL-2.0-or-later",
      "dependencies": {
        "@php-wasm/universal": "3.1.45",
        "wasm-feature-detect": "1.8.0"
      },
      "engines": {
        "node": ">=20.10.0",
        "npm": ">=10.2.3"
      }
    },
    "node_modules/@php-wasm/node-8-4": {
      "version": "3.1.45",
      "resolved": "https://registry.npmjs.org/@php-wasm/node-8-4/-/node-8-4-3.1.45.tgz",
      "integrity": "sha512-QElunKrFEpVa11Fdr6Afmw/gI/bCf5rxzAuXLBYfgghJP2w8sTT0M1ku1pocPEvMGeONbQgvHA06sDdKXhHEMA==",
      "dev": true,
      "license": "GPL-2.0-or-later",
      "dependencies": {
        "@php-wasm/universal": "3.1.45",
        "wasm-feature-detect": "1.8.0"
      },
      "engines": {
        "node": ">=20.10.0",
        "npm": ">=10.2.3"
      }
    },
    "node_modules/@php-wasm/node-8-5": {
      "version": "3.1.45",
      "resolved": "https://registry.npmjs.org/@php-wasm/node-8-5/-/node-8-5-3.1.45.tgz",
      "integrity": "sha512-FeKtaRMZorN1uRFbC6DILfv+Y9ImEMLjcpNVyT7zZ4WHPEf1yN0Q0Jo8VH9NNwCmkmiDAQN2gAIn3nKL8vsz+g==",
      "dev": true,
      "license": "GPL-2.0-or-later",
      "dependencies": {
        "@php-wasm/universal": "3.1.45",
        "wasm-feature-detect": "1.8.0"
      },
      "engines": {
        "node": ">=20.10.0",
        "npm": ">=10.2.3"
      }
    },
    "node_modules/@php-wasm/progress": {
      "version": "3.1.45",
      "resolved": "https://registry.npmjs.org/@php-wasm/progress/-/progress-3.1.45.tgz",
      "integrity": "sha512-rc/I9MSoqAPLRmrgArpWMrSq6s7R16ulrMjG3Ti5T4hfu+j2oxfBCHbrwzR57ITsgecjKZ+G9j/w+saQj9cgpQ==",
      "dev": true,
      "license": "GPL-2.0-or-later",
      "dependencies": {
        "@php-wasm/logger": "3.1.45"
      },
      "engines": {
        "node": ">=20.10.0",
        "npm": ">=10.2.3"
      }
    },
    "node_modules/@php-wasm/stream-compression": {
      "version": "3.1.45",
      "resolved": "https://registry.npmjs.org/@php-wasm/stream-compression/-/stream-compression-3.1.45.tgz",
      "integrity": "sha512-zLU1AGNEg1tuwm93LHrL8OcV24LyNglTg/CXV5CVZiMPpg1wfIDHJy11qqjZM8iCIJk87qYQhkKOjTnGinAVDg==",
      "dev": true,
      "license": "GPL-2.0-or-later",
      "dependencies": {
        "@php-wasm/util": "3.1.45"
      }
    },
    "node_modules/@php-wasm/universal": {
      "version": "3.1.45",
      "resolved": "https://registry.npmjs.org/@php-wasm/universal/-/universal-3.1.45.tgz",
      "integrity": "sha512-3x0TWQg6NEeO+M/oPA3rAP0hJB2gnsqwkb2sUipz0RQQXRkWEJjdrT20UVmGN/dXILDWeQg/VGxZhCktoWZGkA==",
      "dev": true,
      "license": "GPL-2.0-or-later",
      "dependencies": {
        "@php-wasm/logger": "3.1.45",
        "@php-wasm/progress": "3.1.45",
        "@php-wasm/stream-compression": "3.1.45",
        "@php-wasm/util": "3.1.45",
        "ini": "4.1.2"
      },
      "engines": {
        "node": ">=20.10.0",
        "npm": ">=10.2.3"
      }
    },
    "node_modules/@php-wasm/util": {
      "version": "3.1.45",
      "resolved": "https://registry.npmjs.org/@php-wasm/util/-/util-3.1.45.tgz",
      "integrity": "sha512-czXqXd2NJWkapV/zTr3WPSPdcgyI5KN7xSUusYpgkfljSovfvHOKKrTMQtbfPXRa9+MD8LmPQt+XStKPRp76Tg==",
      "dev": true,
      "engines": {
        "node": ">=20.10.0",
        "npm": ">=10.2.3"
      }
    },
    "node_modules/agent-base": {
      "version": "7.1.4",
      "resolved": "https://registry.npmjs.org/agent-base/-/agent-base-7.1.4.tgz",
      "integrity": "sha512-MnA+YT8fwfJPgBx3m60MNqakm30XOkyIoH1y6huTQvC0PwZG7ki8NacLBcrPbNoo8vEZy7Jpuk7+jMO+CUovTQ==",
      "dev": true,
      "license": "MIT",
      "engines": {
        "node": ">= 14"
      }
    },
    "node_modules/anynum": {
      "version": "1.0.1",
      "resolved": "https://registry.npmjs.org/anynum/-/anynum-1.0.1.tgz",
      "integrity": "sha512-N6//FLET/tXYNM/F6ABca1oH6fWB+KlTt909Le28WMDBk8oaT4vY17DCrwg2MvmuqUKt3Ni4N5dGJ/EoBgcO6A==",
      "dev": true,
      "funding": [
        {
          "type": "github",
          "url": "https://github.com/sponsors/NaturalIntelligence"
        }
      ],
      "license": "MIT"
    },
    "node_modules/cssstyle": {
      "version": "4.6.0",
      "resolved": "https://registry.npmjs.org/cssstyle/-/cssstyle-4.6.0.tgz",
      "integrity": "sha512-2z+rWdzbbSZv6/rhtvzvqeZQHrBaqgogqt85sqFNbabZOuFbCVFb8kPeEtZjiKkbrm395irpNKiYeFeLiQnFPg==",
      "dev": true,
      "license": "MIT",
      "dependencies": {
        "@asamuzakjp/css-color": "^3.2.0",
        "rrweb-cssom": "^0.8.0"
      },
      "engines": {
        "node": ">=18"
      }
    },
    "node_modules/data-urls": {
      "version": "5.0.0",
      "resolved": "https://registry.npmjs.org/data-urls/-/data-urls-5.0.0.tgz",
      "integrity": "sha512-ZYP5VBHshaDAiVZxjbRVcFJpc+4xGgT0bK3vzy1HLN8jTO975HEbuYzZJcHoQEY5K1a0z8YayJkyVETa08eNTg==",
      "dev": true,
      "license": "MIT",
      "dependencies": {
        "whatwg-mimetype": "^4.0.0",
        "whatwg-url": "^14.0.0"
      },
      "engines": {
        "node": ">=18"
      }
    },
    "node_modules/debug": {
      "version": "4.4.3",
      "resolved": "https://registry.npmjs.org/debug/-/debug-4.4.3.tgz",
      "integrity": "sha512-RGwwWnwQvkVfavKVt22FGLw+xYSdzARwm0ru6DhTVA3umU5hZc28V3kO4stgYryrTlLpuvgI9GiijltAjNbcqA==",
      "dev": true,
      "license": "MIT",
      "dependencies": {
        "ms": "^2.1.3"
      },
      "engines": {
        "node": ">=6.0"
      },
      "peerDependenciesMeta": {
        "supports-color": {
          "optional": true
        }
      }
    },
    "node_modules/decimal.js": {
      "version": "10.6.0",
      "resolved": "https://registry.npmjs.org/decimal.js/-/decimal.js-10.6.0.tgz",
      "integrity": "sha512-YpgQiITW3JXGntzdUmyUR1V812Hn8T1YVXhCu+wO3OpS4eU9l4YdD3qjyiKdV6mvV29zapkMeD390UVEf2lkUg==",
      "dev": true,
      "license": "MIT"
    },
    "node_modules/entities": {
      "version": "6.0.1",
      "resolved": "https://registry.npmjs.org/entities/-/entities-6.0.1.tgz",
      "integrity": "sha512-aN97NXWF6AWBTahfVOIrB/NShkzi5H7F9r1s9mD3cDj4Ko5f2qhhVoYMibXF7GlLveb/D2ioWay8lxI97Ven3g==",
      "dev": true,
      "license": "BSD-2-Clause",
      "engines": {
        "node": ">=0.12"
      },
      "funding": {
        "url": "https://github.com/fb55/entities?sponsor=1"
      }
    },
    "node_modules/fast-xml-builder": {
      "version": "1.3.0",
      "resolved": "https://registry.npmjs.org/fast-xml-builder/-/fast-xml-builder-1.3.0.tgz",
      "integrity": "sha512-F74cZEdCvuw9P41GAC3rod4X04jjWGM1JPEv/GWSqFTWLsdyMSBMBMlm9Hk3GLBgLBbdBNY8yee0pQh2RBVESQ==",
      "dev": true,
      "funding": [
        {
          "type": "github",
          "url": "https://github.com/sponsors/NaturalIntelligence"
        }
      ],
      "license": "MIT",
      "dependencies": {
        "path-expression-matcher": "^1.6.2",
        "xml-naming": "^0.3.0"
      }
    },
    "node_modules/fast-xml-parser": {
      "version": "5.10.1",
      "resolved": "https://registry.npmjs.org/fast-xml-parser/-/fast-xml-parser-5.10.1.tgz",
      "integrity": "sha512-IEMIf7298kXuZSRFoGfMYrl7is8LpavODgbNz1cwIudv7KwVFnuU+UsMporfq6PD6aXSlawZlARiA3UywCTfMw==",
      "dev": true,
      "funding": [
        {
          "type": "github",
          "url": "https://github.com/sponsors/NaturalIntelligence"
        }
      ],
      "license": "MIT",
      "dependencies": {
        "@nodable/entities": "^3.0.0",
        "fast-xml-builder": "^1.2.0",
        "is-unsafe": "^2.0.0",
        "path-expression-matcher": "^1.6.2",
        "strnum": "^2.4.1",
        "xml-naming": "^0.3.0"
      },
      "bin": {
        "fxparser": "src/cli/cli.js"
      }
    },
    "node_modules/fs-ext-extra-prebuilt": {
      "version": "2.2.7",
      "resolved": "https://registry.npmjs.org/fs-ext-extra-prebuilt/-/fs-ext-extra-prebuilt-2.2.7.tgz",
      "integrity": "sha512-Q7rayYRBDIvDF01HWOwSSjoaP+05N1g+o3BXL1Zf8Frw2JkjSmi4EtvCBITuW30l6hB2m2TW1pehdh8wyU/+gw==",
      "dev": true,
      "hasInstallScript": true,
      "license": "MIT",
      "dependencies": {
        "nan": "^2.24.0"
      },
      "engines": {
        "node": ">= 8.0.0"
      }
    },
    "node_modules/html-encoding-sniffer": {
      "version": "4.0.0",
      "resolved": "https://registry.npmjs.org/html-encoding-sniffer/-/html-encoding-sniffer-4.0.0.tgz",
      "integrity": "sha512-Y22oTqIU4uuPgEemfz7NDJz6OeKf12Lsu+QC+s3BVpda64lTiMYCyGwg5ki4vFxkMwQdeZDl2adZoqUgdFuTgQ==",
      "dev": true,
      "license": "MIT",
      "dependencies": {
        "whatwg-encoding": "^3.1.1"
      },
      "engines": {
        "node": ">=18"
      }
    },
    "node_modules/http-proxy-agent": {
      "version": "7.0.2",
      "resolved": "https://registry.npmjs.org/http-proxy-agent/-/http-proxy-agent-7.0.2.tgz",
      "integrity": "sha512-T1gkAiYYDWYx3V5Bmyu7HcfcvL7mUrTWiM6yOfa3PIphViJ/gFPbvidQ+veqSOHci/PxBcDabeUNCzpOODJZig==",
      "dev": true,
      "license": "MIT",
      "dependencies": {
        "agent-base": "^7.1.0",
        "debug": "^4.3.4"
      },
      "engines": {
        "node": ">= 14"
      }
    },
    "node_modules/https-proxy-agent": {
      "version": "7.0.6",
      "resolved": "https://registry.npmjs.org/https-proxy-agent/-/https-proxy-agent-7.0.6.tgz",
      "integrity": "sha512-vK9P5/iUfdl95AI+JVyUuIcVtd4ofvtrOr3HNtM2yxC9bnMbEdp3x01OhQNnjb8IJYi38VlTE3mBXwcfvywuSw==",
      "dev": true,
      "license": "MIT",
      "dependencies": {
        "agent-base": "^7.1.2",
        "debug": "4"
      },
      "engines": {
        "node": ">= 14"
      }
    },
    "node_modules/iconv-lite": {
      "version": "0.6.3",
      "resolved": "https://registry.npmjs.org/iconv-lite/-/iconv-lite-0.6.3.tgz",
      "integrity": "sha512-4fCk79wshMdzMp2rH06qWrJE4iolqLhCUH+OiuIgU++RB0+94NlDL81atO7GX55uUKueo0txHNtvEyI6D7WdMw==",
      "dev": true,
      "license": "MIT",
      "dependencies": {
        "safer-buffer": ">= 2.1.2 < 3.0.0"
      },
      "engines": {
        "node": ">=0.10.0"
      }
    },
    "node_modules/ini": {
      "version": "4.1.2",
      "resolved": "https://registry.npmjs.org/ini/-/ini-4.1.2.tgz",
      "integrity": "sha512-AMB1mvwR1pyBFY/nSevUX6y8nJWS63/SzUKD3JyQn97s4xgIdgQPT75IRouIiBAN4yLQBUShNYVW0+UG25daCw==",
      "dev": true,
      "license": "ISC",
      "engines": {
        "node": "^14.17.0 || ^16.13.0 || >=18.0.0"
      }
    },
    "node_modules/is-potential-custom-element-name": {
      "version": "1.0.1",
      "resolved": "https://registry.npmjs.org/is-potential-custom-element-name/-/is-potential-custom-element-name-1.0.1.tgz",
      "integrity": "sha512-bCYeRA2rVibKZd+s2625gGnGF/t7DSqDs4dP7CrLA1m7jKWz6pps0LpYLJN8Q64HtmPKJ1hrN3nzPNKFEKOUiQ==",
      "dev": true,
      "license": "MIT"
    },
    "node_modules/is-unsafe": {
      "version": "2.0.0",
      "resolved": "https://registry.npmjs.org/is-unsafe/-/is-unsafe-2.0.0.tgz",
      "integrity": "sha512-2LdV822R+wmI86unXA93WCFpL6g+av8ynWk0nrHyJqGop5VoocYsSLFgN8jrfalT6iGeLNM4KXuVSsULP53kEA==",
      "dev": true,
      "funding": [
        {
          "type": "github",
          "url": "https://github.com/sponsors/NaturalIntelligence"
        }
      ],
      "license": "MIT"
    },
    "node_modules/jsdom": {
      "version": "26.1.0",
      "resolved": "https://registry.npmjs.org/jsdom/-/jsdom-26.1.0.tgz",
      "integrity": "sha512-Cvc9WUhxSMEo4McES3P7oK3QaXldCfNWp7pl2NNeiIFlCoLr3kfq9kb1fxftiwk1FLV7CvpvDfonxtzUDeSOPg==",
      "dev": true,
      "license": "MIT",
      "dependencies": {
        "cssstyle": "^4.2.1",
        "data-urls": "^5.0.0",
        "decimal.js": "^10.5.0",
        "html-encoding-sniffer": "^4.0.0",
        "http-proxy-agent": "^7.0.2",
        "https-proxy-agent": "^7.0.6",
        "is-potential-custom-element-name": "^1.0.1",
        "nwsapi": "^2.2.16",
        "parse5": "^7.2.1",
        "rrweb-cssom": "^0.8.0",
        "saxes": "^6.0.0",
        "symbol-tree": "^3.2.4",
        "tough-cookie": "^5.1.1",
        "w3c-xmlserializer": "^5.0.0",
        "webidl-conversions": "^7.0.0",
        "whatwg-encoding": "^3.1.1",
        "whatwg-mimetype": "^4.0.0",
        "whatwg-url": "^14.1.1",
        "ws": "^8.18.0",
        "xml-name-validator": "^5.0.0"
      },
      "engines": {
        "node": ">=18"
      },
      "peerDependencies": {
        "canvas": "^3.0.0"
      },
      "peerDependenciesMeta": {
        "canvas": {
          "optional": true
        }
      }
    },
    "node_modules/jsonc-parser": {
      "version": "3.3.1",
      "resolved": "https://registry.npmjs.org/jsonc-parser/-/jsonc-parser-3.3.1.tgz",
      "integrity": "sha512-HUgH65KyejrUFPvHFPbqOY0rsFip3Bo5wb4ngvdi1EpCYWUQDC5V+Y7mZws+DLkr4M//zQJoanu1SP+87Dv1oQ==",
      "dev": true,
      "license": "MIT"
    },
    "node_modules/lru-cache": {
      "version": "10.4.3",
      "resolved": "https://registry.npmjs.org/lru-cache/-/lru-cache-10.4.3.tgz",
      "integrity": "sha512-JNAzZcXrCt42VGLuYz0zfAzDfAvJWW6AfYlDBQyDV5DClI2m5sAmK+OIO7s59XfsRsWHp02jAJrRadPRGTt6SQ==",
      "dev": true,
      "license": "ISC"
    },
    "node_modules/ms": {
      "version": "2.1.3",
      "resolved": "https://registry.npmjs.org/ms/-/ms-2.1.3.tgz",
      "integrity": "sha512-6FlzubTLZG3J2a/NVCAleEhjzq5oxgHyaCU9yYXvcLsvoVaHJq/s5xXI6/XXP6tz7R9xAOtHnSO/tXtF3WRTlA==",
      "dev": true,
      "license": "MIT"
    },
    "node_modules/nan": {
      "version": "2.28.0",
      "resolved": "https://registry.npmjs.org/nan/-/nan-2.28.0.tgz",
      "integrity": "sha512-fTsDz99OTq2sVePhGdp4qQhggZFtKr64ZNVyVajRKtMOkJxYekplBh577PiJB12v/D3s2E5cGtOI45LWp6rnLQ==",
      "dev": true,
      "license": "MIT"
    },
    "node_modules/nwsapi": {
      "version": "2.2.24",
      "resolved": "https://registry.npmjs.org/nwsapi/-/nwsapi-2.2.24.tgz",
      "integrity": "sha512-7YRhZ3jS45LwmSCT4b2sVFHt/WuovaktDU07QrtOBY2PXskss5a9jfmR9jptyumwXST+rFjrmppMY1KT/yn35A==",
      "dev": true,
      "license": "MIT"
    },
    "node_modules/parse5": {
      "version": "7.3.0",
      "resolved": "https://registry.npmjs.org/parse5/-/parse5-7.3.0.tgz",
      "integrity": "sha512-IInvU7fabl34qmi9gY8XOVxhYyMyuH2xUNpb2q8/Y+7552KlejkRvqvD19nMoUW/uQGGbqNpA6Tufu5FL5BZgw==",
      "dev": true,
      "license": "MIT",
      "dependencies": {
        "entities": "^6.0.0"
      },
      "funding": {
        "url": "https://github.com/inikulin/parse5?sponsor=1"
      }
    },
    "node_modules/path-expression-matcher": {
      "version": "1.6.2",
      "resolved": "https://registry.npmjs.org/path-expression-matcher/-/path-expression-matcher-1.6.2.tgz",
      "integrity": "sha512-enSlaiat05iasnzmgNxRj8reFdj3puY2QpNgP1aPIaVfT6nn9ICuPoFlKHk8EN22HcwewshO+mN2DGbkCEOtqQ==",
      "dev": true,
      "funding": [
        {
          "type": "github",
          "url": "https://github.com/sponsors/NaturalIntelligence"
        }
      ],
      "license": "MIT",
      "engines": {
        "node": ">=14.0.0"
      }
    },
    "node_modules/php-parser": {
      "version": "3.7.0",
      "resolved": "https://registry.npmjs.org/php-parser/-/php-parser-3.7.0.tgz",
      "integrity": "sha512-JRc1t78GZAEa+MuzVC5A5RJS1NDFTS4UnprUEu/NnsN9cyHbGZLUqghO9IQZUSCay62HYQiWd3PxyWAEF45zmA==",
      "dev": true,
      "license": "BSD-3-Clause"
    },
    "node_modules/punycode": {
      "version": "2.3.1",
      "resolved": "https://registry.npmjs.org/punycode/-/punycode-2.3.1.tgz",
      "integrity": "sha512-vYt7UD1U9Wg6138shLtLOvdAu+8DsC/ilFtEVHcH+wydcSpNE20AfSOduf6MkRFahL5FY7X1oU7nKVZFtfq8Fg==",
      "dev": true,
      "license": "MIT",
      "engines": {
        "node": ">=6"
      }
    },
    "node_modules/rrweb-cssom": {
      "version": "0.8.0",
      "resolved": "https://registry.npmjs.org/rrweb-cssom/-/rrweb-cssom-0.8.0.tgz",
      "integrity": "sha512-guoltQEx+9aMf2gDZ0s62EcV8lsXR+0w8915TC3ITdn2YueuNjdAYh/levpU9nFaoChh9RUS5ZdQMrKfVEN9tw==",
      "dev": true,
      "license": "MIT"
    },
    "node_modules/safer-buffer": {
      "version": "2.1.2",
      "resolved": "https://registry.npmjs.org/safer-buffer/-/safer-buffer-2.1.2.tgz",
      "integrity": "sha512-YZo3K82SD7Riyi0E1EQPojLz7kpepnSQI9IyPbHHg1XXXevb5dJI7tpyN2ADxGcQbHG7vcyRHk0cbwqcQriUtg==",
      "dev": true,
      "license": "MIT"
    },
    "node_modules/saxes": {
      "version": "6.0.0",
      "resolved": "https://registry.npmjs.org/saxes/-/saxes-6.0.0.tgz",
      "integrity": "sha512-xAg7SOnEhrm5zI3puOOKyy1OMcMlIJZYNJY7xLBwSze0UjhPLnWfj2GF2EpT0jmzaJKIWKHLsaSSajf35bcYnA==",
      "dev": true,
      "license": "ISC",
      "dependencies": {
        "xmlchars": "^2.2.0"
      },
      "engines": {
        "node": ">=v12.22.7"
      }
    },
    "node_modules/strnum": {
      "version": "2.4.1",
      "resolved": "https://registry.npmjs.org/strnum/-/strnum-2.4.1.tgz",
      "integrity": "sha512-M9eUSMT2dCB2cTNPG7UYj6KuK7RJR2SN2+yCV/fTW3xzTCS6EaGZ5pSMgDIjB7r8zSfTGk+dvvn9rTjpVS9Mwg==",
      "dev": true,
      "funding": [
        {
          "type": "github",
          "url": "https://github.com/sponsors/NaturalIntelligence"
        }
      ],
      "license": "MIT",
      "dependencies": {
        "anynum": "^1.0.1"
      }
    },
    "node_modules/symbol-tree": {
      "version": "3.2.4",
      "resolved": "https://registry.npmjs.org/symbol-tree/-/symbol-tree-3.2.4.tgz",
      "integrity": "sha512-9QNk5KwDF+Bvz+PyObkmSYjI5ksVUYtjW7AU22r2NKcfLJcXp96hkDWU3+XndOsUb+AQ9QhfzfCT2O+CNWT5Tw==",
      "dev": true,
      "license": "MIT"
    },
    "node_modules/tldts": {
      "version": "6.1.86",
      "resolved": "https://registry.npmjs.org/tldts/-/tldts-6.1.86.tgz",
      "integrity": "sha512-WMi/OQ2axVTf/ykqCQgXiIct+mSQDFdH2fkwhPwgEwvJ1kSzZRiinb0zF2Xb8u4+OqPChmyI6MEu4EezNJz+FQ==",
      "dev": true,
      "license": "MIT",
      "dependencies": {
        "tldts-core": "^6.1.86"
      },
      "bin": {
        "tldts": "bin/cli.js"
      }
    },
    "node_modules/tldts-core": {
      "version": "6.1.86",
      "resolved": "https://registry.npmjs.org/tldts-core/-/tldts-core-6.1.86.tgz",
      "integrity": "sha512-Je6p7pkk+KMzMv2XXKmAE3McmolOQFdxkKw0R8EYNr7sELW46JqnNeTX8ybPiQgvg1ymCoF8LXs5fzFaZvJPTA==",
      "dev": true,
      "license": "MIT"
    },
    "node_modules/tough-cookie": {
      "version": "5.1.2",
      "resolved": "https://registry.npmjs.org/tough-cookie/-/tough-cookie-5.1.2.tgz",
      "integrity": "sha512-FVDYdxtnj0G6Qm/DhNPSb8Ju59ULcup3tuJxkFb5K8Bv2pUXILbf0xZWU8PX8Ov19OXljbUyveOFwRMwkXzO+A==",
      "dev": true,
      "license": "BSD-3-Clause",
      "dependencies": {
        "tldts": "^6.1.32"
      },
      "engines": {
        "node": ">=16"
      }
    },
    "node_modules/tr46": {
      "version": "5.1.1",
      "resolved": "https://registry.npmjs.org/tr46/-/tr46-5.1.1.tgz",
      "integrity": "sha512-hdF5ZgjTqgAntKkklYw0R03MG2x/bSzTtkxmIRw/sTNV8YXsCJ1tfLAX23lhxhHJlEf3CRCOCGGWw3vI3GaSPw==",
      "dev": true,
      "license": "MIT",
      "dependencies": {
        "punycode": "^2.3.1"
      },
      "engines": {
        "node": ">=18"
      }
    },
    "node_modules/w3c-xmlserializer": {
      "version": "5.0.0",
      "resolved": "https://registry.npmjs.org/w3c-xmlserializer/-/w3c-xmlserializer-5.0.0.tgz",
      "integrity": "sha512-o8qghlI8NZHU1lLPrpi2+Uq7abh4GGPpYANlalzWxyWteJOCsr/P+oPBA49TOLu5FTZO4d3F9MnWJfiMo4BkmA==",
      "dev": true,
      "license": "MIT",
      "dependencies": {
        "xml-name-validator": "^5.0.0"
      },
      "engines": {
        "node": ">=18"
      }
    },
    "node_modules/wasm-feature-detect": {
      "version": "1.8.0",
      "resolved": "https://registry.npmjs.org/wasm-feature-detect/-/wasm-feature-detect-1.8.0.tgz",
      "integrity": "sha512-zksaLKM2fVlnB5jQQDqKXXwYHLQUVH9es+5TOOHwGOVJOCeRBCiPjwSg+3tN2AdTCzjgli4jijCH290kXb/zWQ==",
      "dev": true,
      "license": "Apache-2.0"
    },
    "node_modules/webidl-conversions": {
      "version": "7.0.0",
      "resolved": "https://registry.npmjs.org/webidl-conversions/-/webidl-conversions-7.0.0.tgz",
      "integrity": "sha512-VwddBukDzu71offAQR975unBIGqfKZpM+8ZX6ySk8nYhVoo5CYaZyzt3YBvYtRtO+aoGlqxPg/B87NGVZ/fu6g==",
      "dev": true,
      "license": "BSD-2-Clause",
      "engines": {
        "node": ">=12"
      }
    },
    "node_modules/whatwg-encoding": {
      "version": "3.1.1",
      "resolved": "https://registry.npmjs.org/whatwg-encoding/-/whatwg-encoding-3.1.1.tgz",
      "integrity": "sha512-6qN4hJdMwfYBtE3YBTTHhoeuUrDBPZmbQaxWAqSALV/MeEnR5z1xd8UKud2RAkFoPkmB+hli1TZSnyi84xz1vQ==",
      "deprecated": "Use @exodus/bytes instead for a more spec-conformant and faster implementation",
      "dev": true,
      "license": "MIT",
      "dependencies": {
        "iconv-lite": "0.6.3"
      },
      "engines": {
        "node": ">=18"
      }
    },
    "node_modules/whatwg-mimetype": {
      "version": "4.0.0",
      "resolved": "https://registry.npmjs.org/whatwg-mimetype/-/whatwg-mimetype-4.0.0.tgz",
      "integrity": "sha512-QaKxh0eNIi2mE9p2vEdzfagOKHCcj1pJ56EEHGQOVxp8r9/iszLUUV7v89x9O1p/T+NlTM5W7jW6+cz4Fq1YVg==",
      "dev": true,
      "license": "MIT",
      "engines": {
        "node": ">=18"
      }
    },
    "node_modules/whatwg-url": {
      "version": "14.2.0",
      "resolved": "https://registry.npmjs.org/whatwg-url/-/whatwg-url-14.2.0.tgz",
      "integrity": "sha512-De72GdQZzNTUBBChsXueQUnPKDkg/5A5zp7pFDuQAj5UFoENpiACU0wlCvzpAGnTkj++ihpKwKyYewn/XNUbKw==",
      "dev": true,
      "license": "MIT",
      "dependencies": {
        "tr46": "^5.1.0",
        "webidl-conversions": "^7.0.0"
      },
      "engines": {
        "node": ">=18"
      }
    },
    "node_modules/ws": {
      "version": "8.21.0",
      "resolved": "https://registry.npmjs.org/ws/-/ws-8.21.0.tgz",
      "integrity": "sha512-Vsp28b7DRcimFQvrqu2Wek3z1iYxDCWqHYB8Qsnk/S4RfaCQzPGPyBNuVjJV3cd6UiKtUtp6sNM77gWvzcCH+g==",
      "dev": true,
      "license": "MIT",
      "engines": {
        "node": ">=10.0.0"
      },
      "peerDependencies": {
        "bufferutil": "^4.0.1",
        "utf-8-validate": ">=5.0.2"
      },
      "peerDependenciesMeta": {
        "bufferutil": {
          "optional": true
        },
        "utf-8-validate": {
          "optional": true
        }
      }
    },
    "node_modules/xml-name-validator": {
      "version": "5.0.0",
      "resolved": "https://registry.npmjs.org/xml-name-validator/-/xml-name-validator-5.0.0.tgz",
      "integrity": "sha512-EvGK8EJ3DhaHfbRlETOWAS5pO9MZITeauHKJyb8wyajUfQUenkIg2MvLDTZ4T/TgIcm3HU0TFBgWWboAZ30UHg==",
      "dev": true,
      "license": "Apache-2.0",
      "engines": {
        "node": ">=18"
      }
    },
    "node_modules/xml-naming": {
      "version": "0.3.0",
      "resolved": "https://registry.npmjs.org/xml-naming/-/xml-naming-0.3.0.tgz",
      "integrity": "sha512-ghig2TBE/H11aOVgmahA3MhimvkBr6JIYknH/Dhdk10nXwdbIqBJsbfMxpvFPG8bAw77gN29aQWvKpmVoPlvPQ==",
      "dev": true,
      "funding": [
        {
          "type": "github",
          "url": "https://github.com/sponsors/NaturalIntelligence"
        }
      ],
      "license": "MIT",
      "engines": {
        "node": ">=16.0.0"
      }
    },
    "node_modules/xmlchars": {
      "version": "2.2.0",
      "resolved": "https://registry.npmjs.org/xmlchars/-/xmlchars-2.2.0.tgz",
      "integrity": "sha512-JZnDKK8B0RCDw84FNdDAIpZK+JuJw+s7Lz8nksI7SIuU3UXJJslUthsi+uWBUYOwPFwW7W7PRLRfUKpxjtjFCw==",
      "dev": true,
      "license": "MIT"
    }
  }
}
